
Microsoft Visual Studio Solution File, Format Version 12.00
# Visual Studio Version 16
VisualStudioVersion = 16.0.32228.343
MinimumVisualStudioVersion = 10.0.40219.1
Project("{FAE04EC0-301F-11D3-BF4B-00C04F79EFBC}") = "Laba_3_coop", "Laba_3_coop\Laba_3_coop.csproj", "{13C74734-8BC1-42C4-912C-FAEE0DDF1AD5}"
EndProject
Global
	GlobalSection(SolutionConfigurationPlatforms) = preSolution
		Debug|Any CPU = Debug|Any CPU
		Release|Any CPU = Release|Any CPU
	EndGlobalSection
	GlobalSection(ProjectConfigurationPlatforms) = postSolution
		{13C74734-8BC1-42C4-912C-FAEE0DDF1AD5}.Debug|Any CPU.ActiveCfg = Debug|Any CPU
		{13C74734-8BC1-42C4-912C-FAEE0DDF1AD5}.Debug|Any CPU.Build.0 = Debug|Any CPU
		{13C74734-8BC1-42C4-912C-FAEE0DDF1AD5}.Release|Any CPU.ActiveCfg = Release|Any CPU
		{13C74734-8BC1-42C4-912C-FAEE0DDF1AD5}.Release|Any CPU.Build.0 = Release|Any CPU
	EndGlobalSection
	GlobalSection(SolutionProperties) = preSolution
		HideSolutionNode = FALSE
	EndGlobalSection
	GlobalSection(ExtensibilityGlobals) = postSolution
		SolutionGuid = {078B056B-A075-4C49-90BD-D5683D2403C4}
	EndGlobalSection
EndGlobal
